// !$*UTF8*$!
{
	archiveVersion = 1;
	classes = {
	};
	objectVersion = 77;
	objects = {

/* Begin PBXBuildFile section */
		06BC21BAA5FFBAEAF386EC06 /* E-name-plus-role.pdf in Resources */ = {isa = PBXBuildFile; fileRef = 5B2486800619ECC932C19514 /* E-name-plus-role.pdf */; };
		0DD7DEDC65E383C9AEF77580 /* DeckPreview.appex in Embed Foundation Extensions */ = {isa = PBXBuildFile; fileRef = 97A0E5DAE122377FFC386A1C /* DeckPreview.appex */; settings = {ATTRIBUTES = (RemoveHeadersOnCopy, ); }; };
		12AC966399FBA15F036E2F35 /* PDFExtractorTests.swift in Sources */ = {isa = PBXBuildFile; fileRef = 46984D1BF9CF9D4BD05D313A /* PDFExtractorTests.swift */; };
		18B3D17F2CE9116B4D269157 /* CropRegion.swift in Sources */ = {isa = PBXBuildFile; fileRef = B8A217875127C718CBD70778 /* CropRegion.swift */; };
		1C9846095CBF5AFBC40B380A /* PersonEditView.swift in Sources */ = {isa = PBXBuildFile; fileRef = 5561D933F2D955635D3297F0 /* PersonEditView.swift */; };
		234A3722D2B5FEB89EFD626C /* NamesAndFacesApp.swift in Sources */ = {isa = PBXBuildFile; fileRef = 4D9D67F945FE70E392103C25 /* NamesAndFacesApp.swift */; };
		240C6F22303F14BE554C802F /* A-grid-name-below.pdf in Resources */ = {isa = PBXBuildFile; fileRef = 0DA564541138B682E103A7BD /* A-grid-name-below.pdf */; };
		297BDBB21BC4ACEE5349F34E /* DeckThumbnail.swift in Sources */ = {isa = PBXBuildFile; fileRef = C23589B7F38011018030D21A /* DeckThumbnail.swift */; };
		2E92C2F20906601146B2ED33 /* CameraPicker.swift in Sources */ = {isa = PBXBuildFile; fileRef = 20A4E1008A45A1C0AE83C339 /* CameraPicker.swift */; };
		360BC25A9C1D094FD2E8D43E /* CropEditorView.swift in Sources */ = {isa = PBXBuildFile; fileRef = 6C283452DF3CEA0DDAECA5E4 /* CropEditorView.swift */; };
		3CE4A569062118E11A2A9900 /* UIImage+Resize.swift in Sources */ = {isa = PBXBuildFile; fileRef = AE2FC894D8E5770AEF3BA2BA /* UIImage+Resize.swift */; };
		3E5826476AD8906F442E3A82 /* QuickLook.framework in Frameworks */ = {isa = PBXBuildFile; fileRef = CEED430DE27123755102BCE7 /* QuickLook.framework */; };
		48191B63251DBD29737280E4 /* DeckFileTests.swift in Sources */ = {isa = PBXBuildFile; fileRef = 3E88E9330F5CB313DBDAC9E5 /* DeckFileTests.swift */; };
		48E6935DC8C4F5B3DA8C28F4 /* B-name-beside.pdf in Resources */ = {isa = PBXBuildFile; fileRef = D626777C8E0F42F3CE552F84 /* B-name-beside.pdf */; };
		540A8EF92E3002BCE0AC36E6 /* CodeShareClient.swift in Sources */ = {isa = PBXBuildFile; fileRef = 08FF4C6F86D818CDA1B2C942 /* CodeShareClient.swift */; };
		550B042D536AB360F61A5987 /* StudyView.swift in Sources */ = {isa = PBXBuildFile; fileRef = B5AC9E81CC2657830D1EC22F /* StudyView.swift */; };
		657CF323C52597EFE0A147D4 /* DeckImportView.swift in Sources */ = {isa = PBXBuildFile; fileRef = 65B0E70F3D33D0158F0CD2B5 /* DeckImportView.swift */; };
		68CEAF90DB72B7FFA85F66A0 /* DeckFile+Deck.swift in Sources */ = {isa = PBXBuildFile; fileRef = 34B41BE2BBAB754B5D61CD88 /* DeckFile+Deck.swift */; };
		6AA74A7FE7605905058E4CF5 /* DeckFile.swift in Sources */ = {isa = PBXBuildFile; fileRef = 60399425FDC5FFD32F13C0E7 /* DeckFile.swift */; };
		6C747C31FE9A059966400174 /* D-dense-yearbook.pdf in Resources */ = {isa = PBXBuildFile; fileRef = EA8E2F40C089B6141994709C /* D-dense-yearbook.pdf */; };
		7CF56D8F87B9E32AD291B217 /* PresidentsDemoDeck.swift in Sources */ = {isa = PBXBuildFile; fileRef = F38604C203D527C60224F185 /* PresidentsDemoDeck.swift */; };
		7FFF930093D45AC034B4E56C /* DeckPreviewView.swift in Sources */ = {isa = PBXBuildFile; fileRef = B175982E07579849741BF0DF /* DeckPreviewView.swift */; };
		90DD2FCA37B10B136C2B5517 /* C-name-above.pdf in Resources */ = {isa = PBXBuildFile; fileRef = F4F7C2D0B5513195EA166ECE /* C-name-above.pdf */; };
		970811D27D75A0648676255D /* PreviewViewController.swift in Sources */ = {isa = PBXBuildFile; fileRef = 3AF9955933D9B3623C9508FD /* PreviewViewController.swift */; };
		9C0B18EF73C0C2D1238ABE6F /* CropRegion.swift in Sources */ = {isa = PBXBuildFile; fileRef = B8A217875127C718CBD70778 /* CropRegion.swift */; };
		AC924EA3279C7419D81E0882 /* ImportReviewView.swift in Sources */ = {isa = PBXBuildFile; fileRef = 5674B0365241ACEBF76B7D7A /* ImportReviewView.swift */; };
		B35E016351978C7016A67E3B /* Models.swift in Sources */ = {isa = PBXBuildFile; fileRef = 21D6FD11E16FB2CBB300DA2F /* Models.swift */; };
		C073BC1551622780191BFF23 /* StudySession.swift in Sources */ = {isa = PBXBuildFile; fileRef = E9534BDFAA05C44E4125E07D /* StudySession.swift */; };
		C4A7A02EF86EAEF00A8B45E2 /* F-two-line-name.pdf in Resources */ = {isa = PBXBuildFile; fileRef = 56E39E6385C7C252C7A28BC1 /* F-two-line-name.pdf */; };
		C72E172604292A98C39D1460 /* DeckFile.swift in Sources */ = {isa = PBXBuildFile; fileRef = 60399425FDC5FFD32F13C0E7 /* DeckFile.swift */; };
		C937001B4D13088E4EE56688 /* EnterCodeView.swift in Sources */ = {isa = PBXBuildFile; fileRef = 299AEF05EF8B135997B1B13C /* EnterCodeView.swift */; };
		D0C89B7F7C763021F1111224 /* ShareSheet.swift in Sources */ = {isa = PBXBuildFile; fileRef = B468CDF1E81AEB8E2EC1EB05 /* ShareSheet.swift */; };
		D61825280AAA4723DCFEA206 /* DeckDetailView.swift in Sources */ = {isa = PBXBuildFile; fileRef = 50C8A667759D85277A9C1D9C /* DeckDetailView.swift */; };
		D94B1A737BF4B0AFD19D9940 /* ShareDeckView.swift in Sources */ = {isa = PBXBuildFile; fileRef = EE4C6BF73D7D4F28CE09B82B /* ShareDeckView.swift */; };
		E3BF13B91F67BA449CBF9D41 /* PDFExtractor.swift in Sources */ = {isa = PBXBuildFile; fileRef = 3A60E240B21BB2F50D1F6E20 /* PDFExtractor.swift */; };
		EBDC683968A7BEB0CC15A9BB /* PrivacyInfo.xcprivacy in Resources */ = {isa = PBXBuildFile; fileRef = BF57D4438E6155D7EB1FF6E2 /* PrivacyInfo.xcprivacy */; };
		F1D890D9B95B8D209CAA902B /* Assets.xcassets in Resources */ = {isa = PBXBuildFile; fileRef = 55AF9469373BACDEF7F6147A /* Assets.xcassets */; };
		FCB3815BB80389595D3E1D98 /* DeckListView.swift in Sources */ = {isa = PBXBuildFile; fileRef = 16BBE36CE2B6F0C84723BD0A /* DeckListView.swift */; };
/* End PBXBuildFile section */

/* Begin PBXContainerItemProxy section */
		2A95445BBEE59E3B4DB0AC61 /* PBXContainerItemProxy */ = {
			isa = PBXContainerItemProxy;
			containerPortal = 3E45E9F753805D582D5F0AD6 /* Project object */;
			proxyType = 1;
			remoteGlobalIDString = D0075EE3CE0DB91AE3D8C005;
			remoteInfo = NamesAndFaces;
		};
		2EC454344026D2932CA5C1EF /* PBXContainerItemProxy */ = {
			isa = PBXContainerItemProxy;
			containerPortal = 3E45E9F753805D582D5F0AD6 /* Project object */;
			proxyType = 1;
			remoteGlobalIDString = 7D6C5BF306BDC8980AA07CD1;
			remoteInfo = DeckPreview;
		};
/* End PBXContainerItemProxy section */

/* Begin PBXCopyFilesBuildPhase section */
		D37AF81F6F1092ED24EBDF82 /* Embed Foundation Extensions */ = {
			isa = PBXCopyFilesBuildPhase;
			buildActionMask = 2147483647;
			dstPath = "";
			dstSubfolderSpec = 13;
			files = (
				0DD7DEDC65E383C9AEF77580 /* DeckPreview.appex in Embed Foundation Extensions */,
			);
			name = "Embed Foundation Extensions";
			runOnlyForDeploymentPostprocessing = 0;
		};
/* End PBXCopyFilesBuildPhase section */

/* Begin PBXFileReference section */
		08FF4C6F86D818CDA1B2C942 /* CodeShareClient.swift */ = {isa = PBXFileReference; lastKnownFileType = sourcecode.swift; path = CodeShareClient.swift; sourceTree = "<group>"; };
		0DA564541138B682E103A7BD /* A-grid-name-below.pdf */ = {isa = PBXFileReference; lastKnownFileType = image.pdf; path = "A-grid-name-below.pdf"; sourceTree = "<group>"; };
		1571BF57F7DAFCE63D481990 /* Info.plist */ = {isa = PBXFileReference; lastKnownFileType = text.plist; path = Info.plist; sourceTree = "<group>"; };
		16BBE36CE2B6F0C84723BD0A /* DeckListView.swift */ = {isa = PBXFileReference; lastKnownFileType = sourcecode.swift; path = DeckListView.swift; sourceTree = "<group>"; };
		20A4E1008A45A1C0AE83C339 /* CameraPicker.swift */ = {isa = PBXFileReference; lastKnownFileType = sourcecode.swift; path = CameraPicker.swift; sourceTree = "<group>"; };
		21D6FD11E16FB2CBB300DA2F /* Models.swift */ = {isa = PBXFileReference; lastKnownFileType = sourcecode.swift; path = Models.swift; sourceTree = "<group>"; };
		299AEF05EF8B135997B1B13C /* EnterCodeView.swift */ = {isa = PBXFileReference; lastKnownFileType = sourcecode.swift; path = EnterCodeView.swift; sourceTree = "<group>"; };
		34B41BE2BBAB754B5D61CD88 /* DeckFile+Deck.swift */ = {isa = PBXFileReference; lastKnownFileType = sourcecode.swift; path = "DeckFile+Deck.swift"; sourceTree = "<group>"; };
		3A60E240B21BB2F50D1F6E20 /* PDFExtractor.swift */ = {isa = PBXFileReference; lastKnownFileType = sourcecode.swift; path = PDFExtractor.swift; sourceTree = "<group>"; };
		3AF9955933D9B3623C9508FD /* PreviewViewController.swift */ = {isa = PBXFileReference; lastKnownFileType = sourcecode.swift; path = PreviewViewController.swift; sourceTree = "<group>"; };
		3E88E9330F5CB313DBDAC9E5 /* DeckFileTests.swift */ = {isa = PBXFileReference; lastKnownFileType = sourcecode.swift; path = DeckFileTests.swift; sourceTree = "<group>"; };
		406A930E2604569C72BAA266 /* NamesAndFacesTests.xctest */ = {isa = PBXFileReference; includeInIndex = 0; lastKnownFileType = wrapper.cfbundle; path = NamesAndFacesTests.xctest; sourceTree = BUILT_PRODUCTS_DIR; };
		46984D1BF9CF9D4BD05D313A /* PDFExtractorTests.swift */ = {isa = PBXFileReference; lastKnownFileType = sourcecode.swift; path = PDFExtractorTests.swift; sourceTree = "<group>"; };
		4D9D67F945FE70E392103C25 /* NamesAndFacesApp.swift */ = {isa = PBXFileReference; lastKnownFileType = sourcecode.swift; path = NamesAndFacesApp.swift; sourceTree = "<group>"; };
		50C8A667759D85277A9C1D9C /* DeckDetailView.swift */ = {isa = PBXFileReference; lastKnownFileType = sourcecode.swift; path = DeckDetailView.swift; sourceTree = "<group>"; };
		5561D933F2D955635D3297F0 /* PersonEditView.swift */ = {isa = PBXFileReference; lastKnownFileType = sourcecode.swift; path = PersonEditView.swift; sourceTree = "<group>"; };
		55AF9469373BACDEF7F6147A /* Assets.xcassets */ = {isa = PBXFileReference; lastKnownFileType = folder.assetcatalog; path = Assets.xcassets; sourceTree = "<group>"; };
		5674B0365241ACEBF76B7D7A /* ImportReviewView.swift */ = {isa = PBXFileReference; lastKnownFileType = sourcecode.swift; path = ImportReviewView.swift; sourceTree = "<group>"; };
		56E39E6385C7C252C7A28BC1 /* F-two-line-name.pdf */ = {isa = PBXFileReference; lastKnownFileType = image.pdf; path = "F-two-line-name.pdf"; sourceTree = "<group>"; };
		5B2486800619ECC932C19514 /* E-name-plus-role.pdf */ = {isa = PBXFileReference; lastKnownFileType = image.pdf; path = "E-name-plus-role.pdf"; sourceTree = "<group>"; };
		60399425FDC5FFD32F13C0E7 /* DeckFile.swift */ = {isa = PBXFileReference; lastKnownFileType = sourcecode.swift; path = DeckFile.swift; sourceTree = "<group>"; };
		65B0E70F3D33D0158F0CD2B5 /* DeckImportView.swift */ = {isa = PBXFileReference; lastKnownFileType = sourcecode.swift; path = DeckImportView.swift; sourceTree = "<group>"; };
		6C283452DF3CEA0DDAECA5E4 /* CropEditorView.swift */ = {isa = PBXFileReference; lastKnownFileType = sourcecode.swift; path = CropEditorView.swift; sourceTree = "<group>"; };
		7CCB7626731A4A362F366AFE /* NamesAndFaces.app */ = {isa = PBXFileReference; includeInIndex = 0; lastKnownFileType = wrapper.application; path = NamesAndFaces.app; sourceTree = BUILT_PRODUCTS_DIR; };
		8382721DB6A4B8FE4CE0CAC0 /* Info.plist */ = {isa = PBXFileReference; lastKnownFileType = text.plist; path = Info.plist; sourceTree = "<group>"; };
		97A0E5DAE122377FFC386A1C /* DeckPreview.appex */ = {isa = PBXFileReference; includeInIndex = 0; lastKnownFileType = "wrapper.app-extension"; path = DeckPreview.appex; sourceTree = BUILT_PRODUCTS_DIR; };
		AE2FC894D8E5770AEF3BA2BA /* UIImage+Resize.swift */ = {isa = PBXFileReference; lastKnownFileType = sourcecode.swift; path = "UIImage+Resize.swift"; sourceTree = "<group>"; };
		B175982E07579849741BF0DF /* DeckPreviewView.swift */ = {isa = PBXFileReference; lastKnownFileType = sourcecode.swift; path = DeckPreviewView.swift; sourceTree = "<group>"; };
		B468CDF1E81AEB8E2EC1EB05 /* ShareSheet.swift */ = {isa = PBXFileReference; lastKnownFileType = sourcecode.swift; path = ShareSheet.swift; sourceTree = "<group>"; };
		B5AC9E81CC2657830D1EC22F /* StudyView.swift */ = {isa = PBXFileReference; lastKnownFileType = sourcecode.swift; path = StudyView.swift; sourceTree = "<group>"; };
		B8A217875127C718CBD70778 /* CropRegion.swift */ = {isa = PBXFileReference; lastKnownFileType = sourcecode.swift; path = CropRegion.swift; sourceTree = "<group>"; };
		BF57D4438E6155D7EB1FF6E2 /* PrivacyInfo.xcprivacy */ = {isa = PBXFileReference; path = PrivacyInfo.xcprivacy; sourceTree = "<group>"; };
		C23589B7F38011018030D21A /* DeckThumbnail.swift */ = {isa = PBXFileReference; lastKnownFileType = sourcecode.swift; path = DeckThumbnail.swift; sourceTree = "<group>"; };
		CEED430DE27123755102BCE7 /* QuickLook.framework */ = {isa = PBXFileReference; lastKnownFileType = wrapper.framework; name = QuickLook.framework; path = System/Library/Frameworks/QuickLook.framework; sourceTree = SDKROOT; };
		D626777C8E0F42F3CE552F84 /* B-name-beside.pdf */ = {isa = PBXFileReference; lastKnownFileType = image.pdf; path = "B-name-beside.pdf"; sourceTree = "<group>"; };
		E9534BDFAA05C44E4125E07D /* StudySession.swift */ = {isa = PBXFileReference; lastKnownFileType = sourcecode.swift; path = StudySession.swift; sourceTree = "<group>"; };
		EA8E2F40C089B6141994709C /* D-dense-yearbook.pdf */ = {isa = PBXFileReference; lastKnownFileType = image.pdf; path = "D-dense-yearbook.pdf"; sourceTree = "<group>"; };
		EE4C6BF73D7D4F28CE09B82B /* ShareDeckView.swift */ = {isa = PBXFileReference; lastKnownFileType = sourcecode.swift; path = ShareDeckView.swift; sourceTree = "<group>"; };
		F38604C203D527C60224F185 /* PresidentsDemoDeck.swift */ = {isa = PBXFileReference; lastKnownFileType = sourcecode.swift; path = PresidentsDemoDeck.swift; sourceTree = "<group>"; };
		F4F7C2D0B5513195EA166ECE /* C-name-above.pdf */ = {isa = PBXFileReference; lastKnownFileType = image.pdf; path = "C-name-above.pdf"; sourceTree = "<group>"; };
/* End PBXFileReference section */

/* Begin PBXFrameworksBuildPhase section */
		04C8D793DF0B7AE324F3A836 /* Frameworks */ = {
			isa = PBXFrameworksBuildPhase;
			buildActionMask = 2147483647;
			files = (
				3E5826476AD8906F442E3A82 /* QuickLook.framework in Frameworks */,
			);
			runOnlyForDeploymentPostprocessing = 0;
		};
/* End PBXFrameworksBuildPhase section */

/* Begin PBXGroup section */
		0F81C83D8767510C893ABB54 /* NamesAndFaces */ = {
			isa = PBXGroup;
			children = (
				55AF9469373BACDEF7F6147A /* Assets.xcassets */,
				8382721DB6A4B8FE4CE0CAC0 /* Info.plist */,
				BF57D4438E6155D7EB1FF6E2 /* PrivacyInfo.xcprivacy */,
				A1AC5CFE602BA6B8E8BBE49B /* App */,
				6BB19ADC440D8A421886524E /* DemoContent */,
				81977F0BCAF5E3B4200E9738 /* Import */,
				7F2BFD7930BC35F6D4F4EB5A /* Models */,
				FB4222EA0194FAF638B3E8E5 /* Sharing */,
				219C80902538C43165572141 /* Study */,
				3D575B60FBC5946483E93DAE /* Support */,
				82FA33CEFD24171EC88970DD /* Views */,
			);
			path = NamesAndFaces;
			sourceTree = "<group>";
		};
		1204598C44637D15D58B2D7A = {
			isa = PBXGroup;
			children = (
				67F4D5BBCD8635D91B954EF8 /* DeckPreview */,
				0F81C83D8767510C893ABB54 /* NamesAndFaces */,
				B6FD4E7FBC7354E84C06EB2E /* Tests */,
				AEA43F7B9D72856DF3C76E2D /* Frameworks */,
				1A607D40AA9E031D22723BB9 /* Products */,
			);
			sourceTree = "<group>";
		};
		1A607D40AA9E031D22723BB9 /* Products */ = {
			isa = PBXGroup;
			children = (
				97A0E5DAE122377FFC386A1C /* DeckPreview.appex */,
				7CCB7626731A4A362F366AFE /* NamesAndFaces.app */,
				406A930E2604569C72BAA266 /* NamesAndFacesTests.xctest */,
			);
			name = Products;
			sourceTree = "<group>";
		};
		219C80902538C43165572141 /* Study */ = {
			isa = PBXGroup;
			children = (
				E9534BDFAA05C44E4125E07D /* StudySession.swift */,
				B5AC9E81CC2657830D1EC22F /* StudyView.swift */,
			);
			path = Study;
			sourceTree = "<group>";
		};
		3D575B60FBC5946483E93DAE /* Support */ = {
			isa = PBXGroup;
			children = (
				AE2FC894D8E5770AEF3BA2BA /* UIImage+Resize.swift */,
			);
			path = Support;
			sourceTree = "<group>";
		};
		3E62C9CE1DABCC4B26359C8B /* Fixtures */ = {
			isa = PBXGroup;
			children = (
				0DA564541138B682E103A7BD /* A-grid-name-below.pdf */,
				D626777C8E0F42F3CE552F84 /* B-name-beside.pdf */,
				F4F7C2D0B5513195EA166ECE /* C-name-above.pdf */,
				EA8E2F40C089B6141994709C /* D-dense-yearbook.pdf */,
				5B2486800619ECC932C19514 /* E-name-plus-role.pdf */,
				56E39E6385C7C252C7A28BC1 /* F-two-line-name.pdf */,
			);
			path = Fixtures;
			sourceTree = "<group>";
		};
		67F4D5BBCD8635D91B954EF8 /* DeckPreview */ = {
			isa = PBXGroup;
			children = (
				B175982E07579849741BF0DF /* DeckPreviewView.swift */,
				C23589B7F38011018030D21A /* DeckThumbnail.swift */,
				1571BF57F7DAFCE63D481990 /* Info.plist */,
				3AF9955933D9B3623C9508FD /* PreviewViewController.swift */,
			);
			path = DeckPreview;
			sourceTree = "<group>";
		};
		6BB19ADC440D8A421886524E /* DemoContent */ = {
			isa = PBXGroup;
			children = (
				F38604C203D527C60224F185 /* PresidentsDemoDeck.swift */,
			);
			path = DemoContent;
			sourceTree = "<group>";
		};
		7F2BFD7930BC35F6D4F4EB5A /* Models */ = {
			isa = PBXGroup;
			children = (
				B8A217875127C718CBD70778 /* CropRegion.swift */,
				21D6FD11E16FB2CBB300DA2F /* Models.swift */,
			);
			path = Models;
			sourceTree = "<group>";
		};
		81977F0BCAF5E3B4200E9738 /* Import */ = {
			isa = PBXGroup;
			children = (
				5674B0365241ACEBF76B7D7A /* ImportReviewView.swift */,
				3A60E240B21BB2F50D1F6E20 /* PDFExtractor.swift */,
			);
			path = Import;
			sourceTree = "<group>";
		};
		82FA33CEFD24171EC88970DD /* Views */ = {
			isa = PBXGroup;
			children = (
				20A4E1008A45A1C0AE83C339 /* CameraPicker.swift */,
				6C283452DF3CEA0DDAECA5E4 /* CropEditorView.swift */,
				50C8A667759D85277A9C1D9C /* DeckDetailView.swift */,
				16BBE36CE2B6F0C84723BD0A /* DeckListView.swift */,
				5561D933F2D955635D3297F0 /* PersonEditView.swift */,
			);
			path = Views;
			sourceTree = "<group>";
		};
		A1AC5CFE602BA6B8E8BBE49B /* App */ = {
			isa = PBXGroup;
			children = (
				4D9D67F945FE70E392103C25 /* NamesAndFacesApp.swift */,
			);
			path = App;
			sourceTree = "<group>";
		};
		AEA43F7B9D72856DF3C76E2D /* Frameworks */ = {
			isa = PBXGroup;
			children = (
				CEED430DE27123755102BCE7 /* QuickLook.framework */,
			);
			name = Frameworks;
			sourceTree = "<group>";
		};
		B6FD4E7FBC7354E84C06EB2E /* Tests */ = {
			isa = PBXGroup;
			children = (
				3E88E9330F5CB313DBDAC9E5 /* DeckFileTests.swift */,
				46984D1BF9CF9D4BD05D313A /* PDFExtractorTests.swift */,
				3E62C9CE1DABCC4B26359C8B /* Fixtures */,
			);
			path = Tests;
			sourceTree = "<group>";
		};
		FB4222EA0194FAF638B3E8E5 /* Sharing */ = {
			isa = PBXGroup;
			children = (
				08FF4C6F86D818CDA1B2C942 /* CodeShareClient.swift */,
				60399425FDC5FFD32F13C0E7 /* DeckFile.swift */,
				34B41BE2BBAB754B5D61CD88 /* DeckFile+Deck.swift */,
				65B0E70F3D33D0158F0CD2B5 /* DeckImportView.swift */,
				299AEF05EF8B135997B1B13C /* EnterCodeView.swift */,
				EE4C6BF73D7D4F28CE09B82B /* ShareDeckView.swift */,
				B468CDF1E81AEB8E2EC1EB05 /* ShareSheet.swift */,
			);
			path = Sharing;
			sourceTree = "<group>";
		};
/* End PBXGroup section */

/* Begin PBXNativeTarget section */
		43DBADB4FC4FC08FF805C0B5 /* NamesAndFacesTests */ = {
			isa = PBXNativeTarget;
			buildConfigurationList = 709DD4DDDB2B7D2313C43874 /* Build configuration list for PBXNativeTarget "NamesAndFacesTests" */;
			buildPhases = (
				8D6020F5024EED949F30E64C /* Sources */,
				7B0B5301E0CE088F105A8B78 /* Resources */,
			);
			buildRules = (
			);
			dependencies = (
				883C6F9E9DDE4601794EDBE2 /* PBXTargetDependency */,
			);
			name = NamesAndFacesTests;
			packageProductDependencies = (
			);
			productName = NamesAndFacesTests;
			productReference = 406A930E2604569C72BAA266 /* NamesAndFacesTests.xctest */;
			productType = "com.apple.product-type.bundle.unit-test";
		};
		7D6C5BF306BDC8980AA07CD1 /* DeckPreview */ = {
			isa = PBXNativeTarget;
			buildConfigurationList = 51B15722C6C2BFDC63CB50E7 /* Build configuration list for PBXNativeTarget "DeckPreview" */;
			buildPhases = (
				83FBD53A42EADBE76826D585 /* Sources */,
				04C8D793DF0B7AE324F3A836 /* Frameworks */,
			);
			buildRules = (
			);
			dependencies = (
			);
			name = DeckPreview;
			packageProductDependencies = (
			);
			productName = DeckPreview;
			productReference = 97A0E5DAE122377FFC386A1C /* DeckPreview.appex */;
			productType = "com.apple.product-type.app-extension";
		};
		D0075EE3CE0DB91AE3D8C005 /* NamesAndFaces */ = {
			isa = PBXNativeTarget;
			buildConfigurationList = D23C86B60454510C72D7E011 /* Build configuration list for PBXNativeTarget "NamesAndFaces" */;
			buildPhases = (
				191CB9796BBD34FFDEF47CF8 /* Sources */,
				0790C3669A4460ADDE9929D2 /* Resources */,
				D37AF81F6F1092ED24EBDF82 /* Embed Foundation Extensions */,
			);
			buildRules = (
			);
			dependencies = (
				175555E208EF25E2F29692F3 /* PBXTargetDependency */,
			);
			name = NamesAndFaces;
			packageProductDependencies = (
			);
			productName = NamesAndFaces;
			productReference = 7CCB7626731A4A362F366AFE /* NamesAndFaces.app */;
			productType = "com.apple.product-type.application";
		};
/* End PBXNativeTarget section */

/* Begin PBXProject section */
		3E45E9F753805D582D5F0AD6 /* Project object */ = {
			isa = PBXProject;
			attributes = {
				BuildIndependentTargetsInParallel = YES;
				LastUpgradeCheck = 1430;
				TargetAttributes = {
					7D6C5BF306BDC8980AA07CD1 = {
						DevelopmentTeam = GV76VP4G8V;
						ProvisioningStyle = Automatic;
					};
					D0075EE3CE0DB91AE3D8C005 = {
						DevelopmentTeam = GV76VP4G8V;
						ProvisioningStyle = Automatic;
					};
				};
			};
			buildConfigurationList = 991F5CCF9B2A46741115A3AE /* Build configuration list for PBXProject "NamesAndFaces" */;
			developmentRegion = en;
			hasScannedForEncodings = 0;
			knownRegions = (
				Base,
				en,
			);
			mainGroup = 1204598C44637D15D58B2D7A;
			minimizedProjectReferenceProxies = 1;
			preferredProjectObjectVersion = 77;
			productRefGroup = 1A607D40AA9E031D22723BB9 /* Products */;
			projectDirPath = "";
			projectRoot = "";
			targets = (
				7D6C5BF306BDC8980AA07CD1 /* DeckPreview */,
				D0075EE3CE0DB91AE3D8C005 /* NamesAndFaces */,
				43DBADB4FC4FC08FF805C0B5 /* NamesAndFacesTests */,
			);
		};
/* End PBXProject section */

/* Begin PBXResourcesBuildPhase section */
		0790C3669A4460ADDE9929D2 /* Resources */ = {
			isa = PBXResourcesBuildPhase;
			buildActionMask = 2147483647;
			files = (
				F1D890D9B95B8D209CAA902B /* Assets.xcassets in Resources */,
				EBDC683968A7BEB0CC15A9BB /* PrivacyInfo.xcprivacy in Resources */,
			);
			runOnlyForDeploymentPostprocessing = 0;
		};
		7B0B5301E0CE088F105A8B78 /* Resources */ = {
			isa = PBXResourcesBuildPhase;
			buildActionMask = 2147483647;
			files = (
				240C6F22303F14BE554C802F /* A-grid-name-below.pdf in Resources */,
				48E6935DC8C4F5B3DA8C28F4 /* B-name-beside.pdf in Resources */,
				90DD2FCA37B10B136C2B5517 /* C-name-above.pdf in Resources */,
				6C747C31FE9A059966400174 /* D-dense-yearbook.pdf in Resources */,
				06BC21BAA5FFBAEAF386EC06 /* E-name-plus-role.pdf in Resources */,
				C4A7A02EF86EAEF00A8B45E2 /* F-two-line-name.pdf in Resources */,
			);
			runOnlyForDeploymentPostprocessing = 0;
		};
/* End PBXResourcesBuildPhase section */

/* Begin PBXSourcesBuildPhase section */
		191CB9796BBD34FFDEF47CF8 /* Sources */ = {
			isa = PBXSourcesBuildPhase;
			buildActionMask = 2147483647;
			files = (
				2E92C2F20906601146B2ED33 /* CameraPicker.swift in Sources */,
				540A8EF92E3002BCE0AC36E6 /* CodeShareClient.swift in Sources */,
				360BC25A9C1D094FD2E8D43E /* CropEditorView.swift in Sources */,
				18B3D17F2CE9116B4D269157 /* CropRegion.swift in Sources */,
				D61825280AAA4723DCFEA206 /* DeckDetailView.swift in Sources */,
				68CEAF90DB72B7FFA85F66A0 /* DeckFile+Deck.swift in Sources */,
				C72E172604292A98C39D1460 /* DeckFile.swift in Sources */,
				657CF323C52597EFE0A147D4 /* DeckImportView.swift in Sources */,
				FCB3815BB80389595D3E1D98 /* DeckListView.swift in Sources */,
				C937001B4D13088E4EE56688 /* EnterCodeView.swift in Sources */,
				AC924EA3279C7419D81E0882 /* ImportReviewView.swift in Sources */,
				B35E016351978C7016A67E3B /* Models.swift in Sources */,
				234A3722D2B5FEB89EFD626C /* NamesAndFacesApp.swift in Sources */,
				E3BF13B91F67BA449CBF9D41 /* PDFExtractor.swift in Sources */,
				1C9846095CBF5AFBC40B380A /* PersonEditView.swift in Sources */,
				7CF56D8F87B9E32AD291B217 /* PresidentsDemoDeck.swift in Sources */,
				D94B1A737BF4B0AFD19D9940 /* ShareDeckView.swift in Sources */,
				D0C89B7F7C763021F1111224 /* ShareSheet.swift in Sources */,
				C073BC1551622780191BFF23 /* StudySession.swift in Sources */,
				550B042D536AB360F61A5987 /* StudyView.swift in Sources */,
				3CE4A569062118E11A2A9900 /* UIImage+Resize.swift in Sources */,
			);
			runOnlyForDeploymentPostprocessing = 0;
		};
		83FBD53A42EADBE76826D585 /* Sources */ = {
			isa = PBXSourcesBuildPhase;
			buildActionMask = 2147483647;
			files = (
				9C0B18EF73C0C2D1238ABE6F /* CropRegion.swift in Sources */,
				6AA74A7FE7605905058E4CF5 /* DeckFile.swift in Sources */,
				7FFF930093D45AC034B4E56C /* DeckPreviewView.swift in Sources */,
				297BDBB21BC4ACEE5349F34E /* DeckThumbnail.swift in Sources */,
				970811D27D75A0648676255D /* PreviewViewController.swift in Sources */,
			);
			runOnlyForDeploymentPostprocessing = 0;
		};
		8D6020F5024EED949F30E64C /* Sources */ = {
			isa = PBXSourcesBuildPhase;
			buildActionMask = 2147483647;
			files = (
				48191B63251DBD29737280E4 /* DeckFileTests.swift in Sources */,
				12AC966399FBA15F036E2F35 /* PDFExtractorTests.swift in Sources */,
			);
			runOnlyForDeploymentPostprocessing = 0;
		};
/* End PBXSourcesBuildPhase section */

/* Begin PBXTargetDependency section */
		175555E208EF25E2F29692F3 /* PBXTargetDependency */ = {
			isa = PBXTargetDependency;
			target = 7D6C5BF306BDC8980AA07CD1 /* DeckPreview */;
			targetProxy = 2EC454344026D2932CA5C1EF /* PBXContainerItemProxy */;
		};
		883C6F9E9DDE4601794EDBE2 /* PBXTargetDependency */ = {
			isa = PBXTargetDependency;
			target = D0075EE3CE0DB91AE3D8C005 /* NamesAndFaces */;
			targetProxy = 2A95445BBEE59E3B4DB0AC61 /* PBXContainerItemProxy */;
		};
/* End PBXTargetDependency section */

/* Begin XCBuildConfiguration section */
		0EDA740F0727AC7D6B8C250B /* Release */ = {
			isa = XCBuildConfiguration;
			buildSettings = {
				BUNDLE_LOADER = "$(TEST_HOST)";
				GENERATE_INFOPLIST_FILE = YES;
				LD_RUNPATH_SEARCH_PATHS = (
					"$(inherited)",
					"@executable_path/Frameworks",
					"@loader_path/Frameworks",
				);
				PRODUCT_BUNDLE_IDENTIFIER = com.wadesellers.NamesAndFacesTests;
				SDKROOT = iphoneos;
				TARGETED_DEVICE_FAMILY = "1,2";
				TEST_HOST = "$(BUILT_PRODUCTS_DIR)/NamesAndFaces.app/NamesAndFaces";
			};
			name = Release;
		};
		3353B0F7E2DB28DDE2DB6FE0 /* Debug */ = {
			isa = XCBuildConfiguration;
			buildSettings = {
				CODE_SIGN_STYLE = Automatic;
				CURRENT_PROJECT_VERSION = 2;
				DEVELOPMENT_TEAM = GV76VP4G8V;
				ENABLE_DEBUG_DYLIB = NO;
				INFOPLIST_FILE = DeckPreview/Info.plist;
				LD_RUNPATH_SEARCH_PATHS = (
					"$(inherited)",
					"@executable_path/Frameworks",
					"@executable_path/../../Frameworks",
				);
				MARKETING_VERSION = 1.0;
				PRODUCT_BUNDLE_IDENTIFIER = com.wadesellers.NamesAndFaces.DeckPreview;
				SDKROOT = iphoneos;
				SKIP_INSTALL = YES;
				TARGETED_DEVICE_FAMILY = 1;
			};
			name = Debug;
		};
		3999A4F664DAE5107AE9F06C /* Debug */ = {
			isa = XCBuildConfiguration;
			buildSettings = {
				ASSETCATALOG_COMPILER_APPICON_NAME = AppIcon;
				ASSETCATALOG_COMPILER_GLOBAL_ACCENT_COLOR_NAME = AccentColor;
				CODE_SIGN_IDENTITY = "iPhone Developer";
				CODE_SIGN_STYLE = Automatic;
				CURRENT_PROJECT_VERSION = 2;
				DEVELOPMENT_TEAM = GV76VP4G8V;
				INFOPLIST_FILE = NamesAndFaces/Info.plist;
				LD_RUNPATH_SEARCH_PATHS = (
					"$(inherited)",
					"@executable_path/Frameworks",
				);
				MARKETING_VERSION = 1.0;
				PRODUCT_BUNDLE_IDENTIFIER = com.wadesellers.NamesAndFaces;
				SDKROOT = iphoneos;
				TARGETED_DEVICE_FAMILY = 1;
			};
			name = Debug;
		};
		925633C2A6C69F5BD12DBFEA /* Debug */ = {
			isa = XCBuildConfiguration;
			buildSettings = {
				ALWAYS_SEARCH_USER_PATHS = NO;
				CLANG_ANALYZER_NONNULL = YES;
				CLANG_ANALYZER_NUMBER_OBJECT_CONVERSION = YES_AGGRESSIVE;
				CLANG_CXX_LANGUAGE_STANDARD = "gnu++14";
				CLANG_CXX_LIBRARY = "libc++";
				CLANG_ENABLE_MODULES = YES;
				CLANG_ENABLE_OBJC_ARC = YES;
				CLANG_ENABLE_OBJC_WEAK = YES;
				CLANG_WARN_BLOCK_CAPTURE_AUTORELEASING = YES;
				CLANG_WARN_BOOL_CONVERSION = YES;
				CLANG_WARN_COMMA = YES;
				CLANG_WARN_CONSTANT_CONVERSION = YES;
				CLANG_WARN_DEPRECATED_OBJC_IMPLEMENTATIONS = YES;
				CLANG_WARN_DIRECT_OBJC_ISA_USAGE = YES_ERROR;
				CLANG_WARN_DOCUMENTATION_COMMENTS = YES;
				CLANG_WARN_EMPTY_BODY = YES;
				CLANG_WARN_ENUM_CONVERSION = YES;
				CLANG_WARN_INFINITE_RECURSION = YES;
				CLANG_WARN_INT_CONVERSION = YES;
				CLANG_WARN_NON_LITERAL_NULL_CONVERSION = YES;
				CLANG_WARN_OBJC_IMPLICIT_RETAIN_SELF = YES;
				CLANG_WARN_OBJC_LITERAL_CONVERSION = YES;
				CLANG_WARN_OBJC_ROOT_CLASS = YES_ERROR;
				CLANG_WARN_QUOTED_INCLUDE_IN_FRAMEWORK_HEADER = YES;
				CLANG_WARN_RANGE_LOOP_ANALYSIS = YES;
				CLANG_WARN_STRICT_PROTOTYPES = YES;
				CLANG_WARN_SUSPICIOUS_MOVE = YES;
				CLANG_WARN_UNGUARDED_AVAILABILITY = YES_AGGRESSIVE;
				CLANG_WARN_UNREACHABLE_CODE = YES;
				CLANG_WARN__DUPLICATE_METHOD_MATCH = YES;
				COPY_PHASE_STRIP = NO;
				DEBUG_INFORMATION_FORMAT = dwarf;
				ENABLE_STRICT_OBJC_MSGSEND = YES;
				ENABLE_TESTABILITY = YES;
				GCC_C_LANGUAGE_STANDARD = gnu11;
				GCC_DYNAMIC_NO_PIC = NO;
				GCC_NO_COMMON_BLOCKS = YES;
				GCC_OPTIMIZATION_LEVEL = 0;
				GCC_PREPROCESSOR_DEFINITIONS = (
					"$(inherited)",
					"DEBUG=1",
				);
				GCC_WARN_64_TO_32_BIT_CONVERSION = YES;
				GCC_WARN_ABOUT_RETURN_TYPE = YES_ERROR;
				GCC_WARN_UNDECLARED_SELECTOR = YES;
				GCC_WARN_UNINITIALIZED_AUTOS = YES_AGGRESSIVE;
				GCC_WARN_UNUSED_FUNCTION = YES;
				GCC_WARN_UNUSED_VARIABLE = YES;
				IPHONEOS_DEPLOYMENT_TARGET = 18.0;
				MTL_ENABLE_DEBUG_INFO = INCLUDE_SOURCE;
				MTL_FAST_MATH = YES;
				ONLY_ACTIVE_ARCH = YES;
				PRODUCT_NAME = "$(TARGET_NAME)";
				SDKROOT = iphoneos;
				SWIFT_ACTIVE_COMPILATION_CONDITIONS = DEBUG;
				SWIFT_OPTIMIZATION_LEVEL = "-Onone";
				SWIFT_VERSION = 5.0;
			};
			name = Debug;
		};
		AEEF9ED7E34F6C361FBB6728 /* Release */ = {
			isa = XCBuildConfiguration;
			buildSettings = {
				CODE_SIGN_STYLE = Automatic;
				CURRENT_PROJECT_VERSION = 2;
				DEVELOPMENT_TEAM = GV76VP4G8V;
				ENABLE_DEBUG_DYLIB = NO;
				INFOPLIST_FILE = DeckPreview/Info.plist;
				LD_RUNPATH_SEARCH_PATHS = (
					"$(inherited)",
					"@executable_path/Frameworks",
					"@executable_path/../../Frameworks",
				);
				MARKETING_VERSION = 1.0;
				PRODUCT_BUNDLE_IDENTIFIER = com.wadesellers.NamesAndFaces.DeckPreview;
				SDKROOT = iphoneos;
				SKIP_INSTALL = YES;
				TARGETED_DEVICE_FAMILY = 1;
			};
			name = Release;
		};
		C5D88B56F81371F1DB22F2E3 /* Release */ = {
			isa = XCBuildConfiguration;
			buildSettings = {
				ALWAYS_SEARCH_USER_PATHS = NO;
				CLANG_ANALYZER_NONNULL = YES;
				CLANG_ANALYZER_NUMBER_OBJECT_CONVERSION = YES_AGGRESSIVE;
				CLANG_CXX_LANGUAGE_STANDARD = "gnu++14";
				CLANG_CXX_LIBRARY = "libc++";
				CLANG_ENABLE_MODULES = YES;
				CLANG_ENABLE_OBJC_ARC = YES;
				CLANG_ENABLE_OBJC_WEAK = YES;
				CLANG_WARN_BLOCK_CAPTURE_AUTORELEASING = YES;
				CLANG_WARN_BOOL_CONVERSION = YES;
				CLANG_WARN_COMMA = YES;
				CLANG_WARN_CONSTANT_CONVERSION = YES;
				CLANG_WARN_DEPRECATED_OBJC_IMPLEMENTATIONS = YES;
				CLANG_WARN_DIRECT_OBJC_ISA_USAGE = YES_ERROR;
				CLANG_WARN_DOCUMENTATION_COMMENTS = YES;
				CLANG_WARN_EMPTY_BODY = YES;
				CLANG_WARN_ENUM_CONVERSION = YES;
				CLANG_WARN_INFINITE_RECURSION = YES;
				CLANG_WARN_INT_CONVERSION = YES;
				CLANG_WARN_NON_LITERAL_NULL_CONVERSION = YES;
				CLANG_WARN_OBJC_IMPLICIT_RETAIN_SELF = YES;
				CLANG_WARN_OBJC_LITERAL_CONVERSION = YES;
				CLANG_WARN_OBJC_ROOT_CLASS = YES_ERROR;
				CLANG_WARN_QUOTED_INCLUDE_IN_FRAMEWORK_HEADER = YES;
				CLANG_WARN_RANGE_LOOP_ANALYSIS = YES;
				CLANG_WARN_STRICT_PROTOTYPES = YES;
				CLANG_WARN_SUSPICIOUS_MOVE = YES;
				CLANG_WARN_UNGUARDED_AVAILABILITY = YES_AGGRESSIVE;
				CLANG_WARN_UNREACHABLE_CODE = YES;
				CLANG_WARN__DUPLICATE_METHOD_MATCH = YES;
				COPY_PHASE_STRIP = NO;
				DEBUG_INFORMATION_FORMAT = "dwarf-with-dsym";
				ENABLE_NS_ASSERTIONS = NO;
				ENABLE_STRICT_OBJC_MSGSEND = YES;
				GCC_C_LANGUAGE_STANDARD = gnu11;
				GCC_NO_COMMON_BLOCKS = YES;
				GCC_WARN_64_TO_32_BIT_CONVERSION = YES;
				GCC_WARN_ABOUT_RETURN_TYPE = YES_ERROR;
				GCC_WARN_UNDECLARED_SELECTOR = YES;
				GCC_WARN_UNINITIALIZED_AUTOS = YES_AGGRESSIVE;
				GCC_WARN_UNUSED_FUNCTION = YES;
				GCC_WARN_UNUSED_VARIABLE = YES;
				IPHONEOS_DEPLOYMENT_TARGET = 18.0;
				MTL_ENABLE_DEBUG_INFO = NO;
				MTL_FAST_MATH = YES;
				PRODUCT_NAME = "$(TARGET_NAME)";
				SDKROOT = iphoneos;
				SWIFT_COMPILATION_MODE = wholemodule;
				SWIFT_OPTIMIZATION_LEVEL = "-O";
				SWIFT_VERSION = 5.0;
			};
			name = Release;
		};
		D64C9B6AF405255C75898425 /* Release */ = {
			isa = XCBuildConfiguration;
			buildSettings = {
				ASSETCATALOG_COMPILER_APPICON_NAME = AppIcon;
				ASSETCATALOG_COMPILER_GLOBAL_ACCENT_COLOR_NAME = AccentColor;
				CODE_SIGN_IDENTITY = "iPhone Developer";
				CODE_SIGN_STYLE = Automatic;
				CURRENT_PROJECT_VERSION = 2;
				DEVELOPMENT_TEAM = GV76VP4G8V;
				INFOPLIST_FILE = NamesAndFaces/Info.plist;
				LD_RUNPATH_SEARCH_PATHS = (
					"$(inherited)",
					"@executable_path/Frameworks",
				);
				MARKETING_VERSION = 1.0;
				PRODUCT_BUNDLE_IDENTIFIER = com.wadesellers.NamesAndFaces;
				SDKROOT = iphoneos;
				TARGETED_DEVICE_FAMILY = 1;
			};
			name = Release;
		};
		FBC0AE16332FC3EE56E86A58 /* Debug */ = {
			isa = XCBuildConfiguration;
			buildSettings = {
				BUNDLE_LOADER = "$(TEST_HOST)";
				GENERATE_INFOPLIST_FILE = YES;
				LD_RUNPATH_SEARCH_PATHS = (
					"$(inherited)",
					"@executable_path/Frameworks",
					"@loader_path/Frameworks",
				);
				PRODUCT_BUNDLE_IDENTIFIER = com.wadesellers.NamesAndFacesTests;
				SDKROOT = iphoneos;
				TARGETED_DEVICE_FAMILY = "1,2";
				TEST_HOST = "$(BUILT_PRODUCTS_DIR)/NamesAndFaces.app/NamesAndFaces";
			};
			name = Debug;
		};
/* End XCBuildConfiguration section */

/* Begin XCConfigurationList section */
		51B15722C6C2BFDC63CB50E7 /* Build configuration list for PBXNativeTarget "DeckPreview" */ = {
			isa = XCConfigurationList;
			buildConfigurations = (
				3353B0F7E2DB28DDE2DB6FE0 /* Debug */,
				AEEF9ED7E34F6C361FBB6728 /* Release */,
			);
			defaultConfigurationIsVisible = 0;
			defaultConfigurationName = Debug;
		};
		709DD4DDDB2B7D2313C43874 /* Build configuration list for PBXNativeTarget "NamesAndFacesTests" */ = {
			isa = XCConfigurationList;
			buildConfigurations = (
				FBC0AE16332FC3EE56E86A58 /* Debug */,
				0EDA740F0727AC7D6B8C250B /* Release */,
			);
			defaultConfigurationIsVisible = 0;
			defaultConfigurationName = Debug;
		};
		991F5CCF9B2A46741115A3AE /* Build configuration list for PBXProject "NamesAndFaces" */ = {
			isa = XCConfigurationList;
			buildConfigurations = (
				925633C2A6C69F5BD12DBFEA /* Debug */,
				C5D88B56F81371F1DB22F2E3 /* Release */,
			);
			defaultConfigurationIsVisible = 0;
			defaultConfigurationName = Debug;
		};
		D23C86B60454510C72D7E011 /* Build configuration list for PBXNativeTarget "NamesAndFaces" */ = {
			isa = XCConfigurationList;
			buildConfigurations = (
				3999A4F664DAE5107AE9F06C /* Debug */,
				D64C9B6AF405255C75898425 /* Release */,
			);
			defaultConfigurationIsVisible = 0;
			defaultConfigurationName = Debug;
		};
/* End XCConfigurationList section */
	};
	rootObject = 3E45E9F753805D582D5F0AD6 /* Project object */;
}
